
Microsoft Visual Studio Solution File, Format Version 12.00
# Visual Studio 15
VisualStudioVersion = 15.0.28307.852
MinimumVisualStudioVersion = 10.0.40219.1
Project("{FAE04EC0-301F-11D3-BF4B-00C04F79EFBC}") = "VkParser", "VkParser\VkParser.csproj", "{5B75C094-127A-49A7-8D99-5479E508ACA6}"
EndProject
Global
	GlobalSection(SolutionConfigurationPlatforms) = preSolution
		Debug|Any CPU = Debug|Any CPU
		Release|Any CPU = Release|Any CPU
	EndGlobalSection
	GlobalSection(ProjectConfigurationPlatforms) = postSolution
		{5B75C094-127A-49A7-8D99-5479E508ACA6}.Debug|Any CPU.ActiveCfg = Debug|Any CPU
		{5B75C094-127A-49A7-8D99-5479E508ACA6}.Debug|Any CPU.Build.0 = Debug|Any CPU
		{5B75C094-127A-49A7-8D99-5479E508ACA6}.Release|Any CPU.ActiveCfg = Release|Any CPU
		{5B75C094-127A-49A7-8D99-5479E508ACA6}.Release|Any CPU.Build.0 = Release|Any CPU
	EndGlobalSection
	GlobalSection(SolutionProperties) = preSolution
		HideSolutionNode = FALSE
	EndGlobalSection
	GlobalSection(ExtensibilityGlobals) = postSolution
		SolutionGuid = {40BCAE63-C3C9-4F6C-A384-ED8EDCE9014A}
	EndGlobalSection
EndGlobal
